$ANSIBLE_VAULT;1.1;AES256
31396461383362303237326266303439326366373138326363613763383233363939643734313862
3733373466666531323764326338353836656331386537610a323034383739306330613139666336
30343739633239653634336239373563333235336366393566343530393666366330306465376164
3837623337363037340a303062623965386165316638363661633335373662316235386535643839
65396166656130373637383133303631616439373238306539356261323764323861
